// !$*UTF8*$!
{
	archiveVersion = 1;
	classes = {
	};
	objectVersion = 55;
	objects = {

/* Begin PBXBuildFile section */
		EB4BCBCC289EA7C700F0E2F1 /* AppDelegate.swift in Sources */ = {isa = PBXBuildFile; fileRef = EB4BCBCB289EA7C700F0E2F1 /* AppDelegate.swift */; };
		EB4BCBCE289EA7C700F0E2F1 /* SceneDelegate.swift in Sources */ = {isa = PBXBuildFile; fileRef = EB4BCBCD289EA7C700F0E2F1 /* SceneDelegate.swift */; };
		EB4BCBD0289EA7C700F0E2F1 /* ViewController.swift in Sources */ = {isa = PBXBuildFile; fileRef = EB4BCBCF289EA7C700F0E2F1 /* ViewController.swift */; };
		EB4BCBD3289EA7C700F0E2F1 /* Main.storyboard in Resources */ = {isa = PBXBuildFile; fileRef = EB4BCBD1289EA7C700F0E2F1 /* Main.storyboard */; };
		EB4BCBD6289EA7C700F0E2F1 /* FirebaseChat.xcdatamodeld in Sources */ = {isa = PBXBuildFile; fileRef = EB4BCBD4289EA7C700F0E2F1 /* FirebaseChat.xcdatamodeld */; };
		EB4BCBD8289EA7C900F0E2F1 /* Assets.xcassets in Resources */ = {isa = PBXBuildFile; fileRef = EB4BCBD7289EA7C900F0E2F1 /* Assets.xcassets */; };
		EB4BCBDB289EA7C900F0E2F1 /* LaunchScreen.storyboard in Resources */ = {isa = PBXBuildFile; fileRef = EB4BCBD9289EA7C900F0E2F1 /* LaunchScreen.storyboard */; };
		EB4BCBE6289EA7C900F0E2F1 /* FirebaseChatTests.swift in Sources */ = {isa = PBXBuildFile; fileRef = EB4BCBE5289EA7C900F0E2F1 /* FirebaseChatTests.swift */; };
		EB4BCBF0289EA7C900F0E2F1 /* FirebaseChatUITests.swift in Sources */ = {isa = PBXBuildFile; fileRef = EB4BCBEF289EA7C900F0E2F1 /* FirebaseChatUITests.swift */; };
		EB4BCBF2289EA7C900F0E2F1 /* FirebaseChatUITestsLaunchTests.swift in Sources */ = {isa = PBXBuildFile; fileRef = EB4BCBF1289EA7C900F0E2F1 /* FirebaseChatUITestsLaunchTests.swift */; };
/* End PBXBuildFile section */

/* Begin PBXContainerItemProxy section */
		EB4BCBE2289EA7C900F0E2F1 /* PBXContainerItemProxy */ = {
			isa = PBXContainerItemProxy;
			containerPortal = EB4BCBC0289EA7C600F0E2F1 /* Project object */;
			proxyType = 1;
			remoteGlobalIDString = EB4BCBC7289EA7C600F0E2F1;
			remoteInfo = FirebaseChat;
		};
		EB4BCBEC289EA7C900F0E2F1 /* PBXContainerItemProxy */ = {
			isa = PBXContainerItemProxy;
			containerPortal = EB4BCBC0289EA7C600F0E2F1 /* Project object */;
			proxyType = 1;
			remoteGlobalIDString = EB4BCBC7289EA7C600F0E2F1;
			remoteInfo = FirebaseChat;
		};
/* End PBXContainerItemProxy section */

/* Begin PBXFileReference section */
		EB4BCBC8289EA7C700F0E2F1 /* FirebaseChat.app */ = {isa = PBXFileReference; explicitFileType = wrapper.application; includeInIndex = 0; path = FirebaseChat.app; sourceTree = BUILT_PRODUCTS_DIR; };
		EB4BCBCB289EA7C700F0E2F1 /* AppDelegate.swift */ = {isa = PBXFileReference; lastKnownFileType = sourcecode.swift; path = AppDelegate.swift; sourceTree = "<group>"; };
		EB4BCBCD289EA7C700F0E2F1 /* SceneDelegate.swift */ = {isa = PBXFileReference; lastKnownFileType = sourcecode.swift; path = SceneDelegate.swift; sourceTree = "<group>"; };
		EB4BCBCF289EA7C700F0E2F1 /* ViewController.swift */ = {isa = PBXFileReference; lastKnownFileType = sourcecode.swift; path = ViewController.swift; sourceTree = "<group>"; };
		EB4BCBD2289EA7C700F0E2F1 /* Base */ = {isa = PBXFileReference; lastKnownFileType = file.storyboard; name = Base; path = Base.lproj/Main.storyboard; sourceTree = "<group>"; };
		EB4BCBD5289EA7C700F0E2F1 /* FirebaseChat.xcdatamodel */ = {isa = PBXFileReference; lastKnownFileType = wrapper.xcdatamodel; path = FirebaseChat.xcdatamodel; sourceTree = "<group>"; };
		EB4BCBD7289EA7C900F0E2F1 /* Assets.xcassets */ = {isa = PBXFileReference; lastKnownFileType = folder.assetcatalog; path = Assets.xcassets; sourceTree = "<group>"; };
		EB4BCBDA289EA7C900F0E2F1 /* Base */ = {isa = PBXFileReference; lastKnownFileType = file.storyboard; name = Base; path = Base.lproj/LaunchScreen.storyboard; sourceTree = "<group>"; };
		EB4BCBDC289EA7C900F0E2F1 /* Info.plist */ = {isa = PBXFileReference; lastKnownFileType = text.plist.xml; path = Info.plist; sourceTree = "<group>"; };
		EB4BCBE1289EA7C900F0E2F1 /* FirebaseChatTests.xctest */ = {isa = PBXFileReference; explicitFileType = wrapper.cfbundle; includeInIndex = 0; path = FirebaseChatTests.xctest; sourceTree = BUILT_PRODUCTS_DIR; };
		EB4BCBE5289EA7C900F0E2F1 /* FirebaseChatTests.swift */ = {isa = PBXFileReference; lastKnownFileType = sourcecode.swift; path = FirebaseChatTests.swift; sourceTree = "<group>"; };
		EB4BCBEB289EA7C900F0E2F1 /* FirebaseChatUITests.xctest */ = {isa = PBXFileReference; explicitFileType = wrapper.cfbundle; includeInIndex = 0; path = FirebaseChatUITests.xctest; sourceTree = BUILT_PRODUCTS_DIR; };
		EB4BCBEF289EA7C900F0E2F1 /* FirebaseChatUITests.swift */ = {isa = PBXFileReference; lastKnownFileType = sourcecode.swift; path = FirebaseChatUITests.swift; sourceTree = "<group>"; };
		EB4BCBF1289EA7C900F0E2F1 /* FirebaseChatUITestsLaunchTests.swift */ = {isa = PBXFileReference; lastKnownFileType = sourcecode.swift; path = FirebaseChatUITestsLaunchTests.swift; sourceTree = "<group>"; };
/* End PBXFileReference section */

/* Begin PBXFrameworksBuildPhase section */
		EB4BCBC5289EA7C600F0E2F1 /* Frameworks */ = {
			isa = PBXFrameworksBuildPhase;
			buildActionMask = 2147483647;
			files = (
			);
			runOnlyForDeploymentPostprocessing = 0;
		};
		EB4BCBDE289EA7C900F0E2F1 /* Frameworks */ = {
			isa = PBXFrameworksBuildPhase;
			buildActionMask = 2147483647;
			files = (
			);
			runOnlyForDeploymentPostprocessing = 0;
		};
		EB4BCBE8289EA7C900F0E2F1 /* Frameworks */ = {
			isa = PBXFrameworksBuildPhase;
			buildActionMask = 2147483647;
			files = (
			);
			runOnlyForDeploymentPostprocessing = 0;
		};
/* End PBXFrameworksBuildPhase section */

/* Begin PBXGroup section */
		EB4BCBBF289EA7C600F0E2F1 = {
			isa = PBXGroup;
			children = (
				EB4BCBCA289EA7C700F0E2F1 /* FirebaseChat */,
				EB4BCBE4289EA7C900F0E2F1 /* FirebaseChatTests */,
				EB4BCBEE289EA7C900F0E2F1 /* FirebaseChatUITests */,
				EB4BCBC9289EA7C700F0E2F1 /* Products */,
			);
			sourceTree = "<group>";
		};
		EB4BCBC9289EA7C700F0E2F1 /* Products */ = {
			isa = PBXGroup;
			children = (
				EB4BCBC8289EA7C700F0E2F1 /* FirebaseChat.app */,
				EB4BCBE1289EA7C900F0E2F1 /* FirebaseChatTests.xctest */,
				EB4BCBEB289EA7C900F0E2F1 /* FirebaseChatUITests.xctest */,
			);
			name = Products;
			sourceTree = "<group>";
		};
		EB4BCBCA289EA7C700F0E2F1 /* FirebaseChat */ = {
			isa = PBXGroup;
			children = (
				EB4BCBCB289EA7C700F0E2F1 /* AppDelegate.swift */,
				EB4BCBCD289EA7C700F0E2F1 /* SceneDelegate.swift */,
				EB4BCBCF289EA7C700F0E2F1 /* ViewController.swift */,
				EB4BCBD1289EA7C700F0E2F1 /* Main.storyboard */,
				EB4BCBD7289EA7C900F0E2F1 /* Assets.xcassets */,
				EB4BCBD9289EA7C900F0E2F1 /* LaunchScreen.storyboard */,
				EB4BCBDC289EA7C900F0E2F1 /* Info.plist */,
				EB4BCBD4289EA7C700F0E2F1 /* FirebaseChat.xcdatamodeld */,
			);
			path = FirebaseChat;
			sourceTree = "<group>";
		};
		EB4BCBE4289EA7C900F0E2F1 /* FirebaseChatTests */ = {
			isa = PBXGroup;
			children = (
				EB4BCBE5289EA7C900F0E2F1 /* FirebaseChatTests.swift */,
			);
			path = FirebaseChatTests;
			sourceTree = "<group>";
		};
		EB4BCBEE289EA7C900F0E2F1 /* FirebaseChatUITests */ = {
			isa = PBXGroup;
			children = (
				EB4BCBEF289EA7C900F0E2F1 /* FirebaseChatUITests.swift */,
				EB4BCBF1289EA7C900F0E2F1 /* FirebaseChatUITestsLaunchTests.swift */,
			);
			path = FirebaseChatUITests;
			sourceTree = "<group>";
		};
/* End PBXGroup section */

/* Begin PBXNativeTarget section */
		EB4BCBC7289EA7C600F0E2F1 /* FirebaseChat */ = {
			isa = PBXNativeTarget;
			buildConfigurationList = EB4BCBF5289EA7C900F0E2F1 /* Build configuration list for PBXNativeTarget "FirebaseChat" */;
			buildPhases = (
				EB4BCBC4289EA7C600F0E2F1 /* Sources */,
				EB4BCBC5289EA7C600F0E2F1 /* Frameworks */,
				EB4BCBC6289EA7C600F0E2F1 /* Resources */,
			);
			buildRules = (
			);
			dependencies = (
			);
			name = FirebaseChat;
			productName = FirebaseChat;
			productReference = EB4BCBC8289EA7C700F0E2F1 /* FirebaseChat.app */;
			productType = "com.apple.product-type.application";
		};
		EB4BCBE0289EA7C900F0E2F1 /* FirebaseChatTests */ = {
			isa = PBXNativeTarget;
			buildConfigurationList = EB4BCBF8289EA7C900F0E2F1 /* Build configuration list for PBXNativeTarget "FirebaseChatTests" */;
			buildPhases = (
				EB4BCBDD289EA7C900F0E2F1 /* Sources */,
				EB4BCBDE289EA7C900F0E2F1 /* Frameworks */,
				EB4BCBDF289EA7C900F0E2F1 /* Resources */,
			);
			buildRules = (
			);
			dependencies = (
				EB4BCBE3289EA7C900F0E2F1 /* PBXTargetDependency */,
			);
			name = FirebaseChatTests;
			productName = FirebaseChatTests;
			productReference = EB4BCBE1289EA7C900F0E2F1 /* FirebaseChatTests.xctest */;
			productType = "com.apple.product-type.bundle.unit-test";
		};
		EB4BCBEA289EA7C900F0E2F1 /* FirebaseChatUITests */ = {
			isa = PBXNativeTarget;
			buildConfigurationList = EB4BCBFB289EA7C900F0E2F1 /* Build configuration list for PBXNativeTarget "FirebaseChatUITests" */;
			buildPhases = (
				EB4BCBE7289EA7C900F0E2F1 /* Sources */,
				EB4BCBE8289EA7C900F0E2F1 /* Frameworks */,
				EB4BCBE9289EA7C900F0E2F1 /* Resources */,
			);
			buildRules = (
			);
			dependencies = (
				EB4BCBED289EA7C900F0E2F1 /* PBXTargetDependency */,
			);
			name = FirebaseChatUITests;
			productName = FirebaseChatUITests;
			productReference = EB4BCBEB289EA7C900F0E2F1 /* FirebaseChatUITests.xctest */;
			productType = "com.apple.product-type.bundle.ui-testing";
		};
/* End PBXNativeTarget section */

/* Begin PBXProject section */
		EB4BCBC0289EA7C600F0E2F1 /* Project object */ = {
			isa = PBXProject;
			attributes = {
				BuildIndependentTargetsInParallel = 1;
				LastSwiftUpdateCheck = 1340;
				LastUpgradeCheck = 1340;
				TargetAttributes = {
					EB4BCBC7289EA7C600F0E2F1 = {
						CreatedOnToolsVersion = 13.4.1;
					};
					EB4BCBE0289EA7C900F0E2F1 = {
						CreatedOnToolsVersion = 13.4.1;
						TestTargetID = EB4BCBC7289EA7C600F0E2F1;
					};
					EB4BCBEA289EA7C900F0E2F1 = {
						CreatedOnToolsVersion = 13.4.1;
						TestTargetID = EB4BCBC7289EA7C600F0E2F1;
					};
				};
			};
			buildConfigurationList = EB4BCBC3289EA7C600F0E2F1 /* Build configuration list for PBXProject "FirebaseChat" */;
			compatibilityVersion = "Xcode 13.0";
			developmentRegion = en;
			hasScannedForEncodings = 0;
			knownRegions = (
				en,
				Base,
			);
			mainGroup = EB4BCBBF289EA7C600F0E2F1;
			productRefGroup = EB4BCBC9289EA7C700F0E2F1 /* Products */;
			projectDirPath = "";
			projectRoot = "";
			targets = (
				EB4BCBC7289EA7C600F0E2F1 /* FirebaseChat */,
				EB4BCBE0289EA7C900F0E2F1 /* FirebaseChatTests */,
				EB4BCBEA289EA7C900F0E2F1 /* FirebaseChatUITests */,
			);
		};
/* End PBXProject section */

/* Begin PBXResourcesBuildPhase section */
		EB4BCBC6289EA7C600F0E2F1 /* Resources */ = {
			isa = PBXResourcesBuildPhase;
			buildActionMask = 2147483647;
			files = (
				EB4BCBDB289EA7C900F0E2F1 /* LaunchScreen.storyboard in Resources */,
				EB4BCBD8289EA7C900F0E2F1 /* Assets.xcassets in Resources */,
				EB4BCBD3289EA7C700F0E2F1 /* Main.storyboard in Resources */,
			);
			runOnlyForDeploymentPostprocessing = 0;
		};
		EB4BCBDF289EA7C900F0E2F1 /* Resources */ = {
			isa = PBXResourcesBuildPhase;
			buildActionMask = 2147483647;
			files = (
			);
			runOnlyForDeploymentPostprocessing = 0;
		};
		EB4BCBE9289EA7C900F0E2F1 /* Resources */ = {
			isa = PBXResourcesBuildPhase;
			buildActionMask = 2147483647;
			files = (
			);
			runOnlyForDeploymentPostprocessing = 0;
		};
/* End PBXResourcesBuildPhase section */

/* Begin PBXSourcesBuildPhase section */
		EB4BCBC4289EA7C600F0E2F1 /* Sources */ = {
			isa = PBXSourcesBuildPhase;
			buildActionMask = 2147483647;
			files = (
				EB4BCBD0289EA7C700F0E2F1 /* ViewController.swift in Sources */,
				EB4BCBCC289EA7C700F0E2F1 /* AppDelegate.swift in Sources */,
				EB4BCBD6289EA7C700F0E2F1 /* FirebaseChat.xcdatamodeld in Sources */,
				EB4BCBCE289EA7C700F0E2F1 /* SceneDelegate.swift in Sources */,
			);
			runOnlyForDeploymentPostprocessing = 0;
		};
		EB4BCBDD289EA7C900F0E2F1 /* Sources */ = {
			isa = PBXSourcesBuildPhase;
			buildActionMask = 2147483647;
			files = (
				EB4BCBE6289EA7C900F0E2F1 /* FirebaseChatTests.swift in Sources */,
			);
			runOnlyForDeploymentPostprocessing = 0;
		};
		EB4BCBE7289EA7C900F0E2F1 /* Sources */ = {
			isa = PBXSourcesBuildPhase;
			buildActionMask = 2147483647;
			files = (
				EB4BCBF0289EA7C900F0E2F1 /* FirebaseChatUITests.swift in Sources */,
				EB4BCBF2289EA7C900F0E2F1 /* FirebaseChatUITestsLaunchTests.swift in Sources */,
			);
			runOnlyForDeploymentPostprocessing = 0;
		};
/* End PBXSourcesBuildPhase section */

/* Begin PBXTargetDependency section */
		EB4BCBE3289EA7C900F0E2F1 /* PBXTargetDependency */ = {
			isa = PBXTargetDependency;
			target = EB4BCBC7289EA7C600F0E2F1 /* FirebaseChat */;
			targetProxy = EB4BCBE2289EA7C900F0E2F1 /* PBXContainerItemProxy */;
		};
		EB4BCBED289EA7C900F0E2F1 /* PBXTargetDependency */ = {
			isa = PBXTargetDependency;
			target = EB4BCBC7289EA7C600F0E2F1 /* FirebaseChat */;
			targetProxy = EB4BCBEC289EA7C900F0E2F1 /* PBXContainerItemProxy */;
		};
/* End PBXTargetDependency section */

/* Begin PBXVariantGroup section */
		EB4BCBD1289EA7C700F0E2F1 /* Main.storyboard */ = {
			isa = PBXVariantGroup;
			children = (
				EB4BCBD2289EA7C700F0E2F1 /* Base */,
			);
			name = Main.storyboard;
			sourceTree = "<group>";
		};
		EB4BCBD9289EA7C900F0E2F1 /* LaunchScreen.storyboard */ = {
			isa = PBXVariantGroup;
			children = (
				EB4BCBDA289EA7C900F0E2F1 /* Base */,
			);
			name = LaunchScreen.storyboard;
			sourceTree = "<group>";
		};
/* End PBXVariantGroup section */

/* Begin XCBuildConfiguration section */
		EB4BCBF3289EA7C900F0E2F1 /* Debug */ = {
			isa = XCBuildConfiguration;
			buildSettings = {
				ALWAYS_SEARCH_USER_PATHS = NO;
				CLANG_ANALYZER_NONNULL = YES;
				CLANG_ANALYZER_NUMBER_OBJECT_CONVERSION = YES_AGGRESSIVE;
				CLANG_CXX_LANGUAGE_STANDARD = "gnu++17";
				CLANG_ENABLE_MODULES = YES;
				CLANG_ENABLE_OBJC_ARC = YES;
				CLANG_ENABLE_OBJC_WEAK = YES;
				CLANG_WARN_BLOCK_CAPTURE_AUTORELEASING = YES;
				CLANG_WARN_BOOL_CONVERSION = YES;
				CLANG_WARN_COMMA = YES;
				CLANG_WARN_CONSTANT_CONVERSION = YES;
				CLANG_WARN_DEPRECATED_OBJC_IMPLEMENTATIONS = YES;
				CLANG_WARN_DIRECT_OBJC_ISA_USAGE = YES_ERROR;
				CLANG_WARN_DOCUMENTATION_COMMENTS = YES;
				CLANG_WARN_EMPTY_BODY = YES;
				CLANG_WARN_ENUM_CONVERSION = YES;
				CLANG_WARN_INFINITE_RECURSION = YES;
				CLANG_WARN_INT_CONVERSION = YES;
				CLANG_WARN_NON_LITERAL_NULL_CONVERSION = YES;
				CLANG_WARN_OBJC_IMPLICIT_RETAIN_SELF = YES;
				CLANG_WARN_OBJC_LITERAL_CONVERSION = YES;
				CLANG_WARN_OBJC_ROOT_CLASS = YES_ERROR;
				CLANG_WARN_QUOTED_INCLUDE_IN_FRAMEWORK_HEADER = YES;
				CLANG_WARN_RANGE_LOOP_ANALYSIS = YES;
				CLANG_WARN_STRICT_PROTOTYPES = YES;
				CLANG_WARN_SUSPICIOUS_MOVE = YES;
				CLANG_WARN_UNGUARDED_AVAILABILITY = YES_AGGRESSIVE;
				CLANG_WARN_UNREACHABLE_CODE = YES;
				CLANG_WARN__DUPLICATE_METHOD_MATCH = YES;
				COPY_PHASE_STRIP = NO;
				DEBUG_INFORMATION_FORMAT = dwarf;
				ENABLE_STRICT_OBJC_MSGSEND = YES;
				ENABLE_TESTABILITY = YES;
				GCC_C_LANGUAGE_STANDARD = gnu11;
				GCC_DYNAMIC_NO_PIC = NO;
				GCC_NO_COMMON_BLOCKS = YES;
				GCC_OPTIMIZATION_LEVEL = 0;
				GCC_PREPROCESSOR_DEFINITIONS = (
					"DEBUG=1",
					"$(inherited)",
				);
				GCC_WARN_64_TO_32_BIT_CONVERSION = YES;
				GCC_WARN_ABOUT_RETURN_TYPE = YES_ERROR;
				GCC_WARN_UNDECLARED_SELECTOR = YES;
				GCC_WARN_UNINITIALIZED_AUTOS = YES_AGGRESSIVE;
				GCC_WARN_UNUSED_FUNCTION = YES;
				GCC_WARN_UNUSED_VARIABLE = YES;
				IPHONEOS_DEPLOYMENT_TARGET = 15.5;
				MTL_ENABLE_DEBUG_INFO = INCLUDE_SOURCE;
				MTL_FAST_MATH = YES;
				ONLY_ACTIVE_ARCH = YES;
				SDKROOT = iphoneos;
				SWIFT_ACTIVE_COMPILATION_CONDITIONS = DEBUG;
				SWIFT_OPTIMIZATION_LEVEL = "-Onone";
			};
			name = Debug;
		};
		EB4BCBF4289EA7C900F0E2F1 /* Release */ = {
			isa = XCBuildConfiguration;
			buildSettings = {
				ALWAYS_SEARCH_USER_PATHS = NO;
				CLANG_ANALYZER_NONNULL = YES;
				CLANG_ANALYZER_NUMBER_OBJECT_CONVERSION = YES_AGGRESSIVE;
				CLANG_CXX_LANGUAGE_STANDARD = "gnu++17";
				CLANG_ENABLE_MODULES = YES;
				CLANG_ENABLE_OBJC_ARC = YES;
				CLANG_ENABLE_OBJC_WEAK = YES;
				CLANG_WARN_BLOCK_CAPTURE_AUTORELEASING = YES;
				CLANG_WARN_BOOL_CONVERSION = YES;
				CLANG_WARN_COMMA = YES;
				CLANG_WARN_CONSTANT_CONVERSION = YES;
				CLANG_WARN_DEPRECATED_OBJC_IMPLEMENTATIONS = YES;
				CLANG_WARN_DIRECT_OBJC_ISA_USAGE = YES_ERROR;
				CLANG_WARN_DOCUMENTATION_COMMENTS = YES;
				CLANG_WARN_EMPTY_BODY = YES;
				CLANG_WARN_ENUM_CONVERSION = YES;
				CLANG_WARN_INFINITE_RECURSION = YES;
				CLANG_WARN_INT_CONVERSION = YES;
				CLANG_WARN_NON_LITERAL_NULL_CONVERSION = YES;
				CLANG_WARN_OBJC_IMPLICIT_RETAIN_SELF = YES;
				CLANG_WARN_OBJC_LITERAL_CONVERSION = YES;
				CLANG_WARN_OBJC_ROOT_CLASS = YES_ERROR;
				CLANG_WARN_QUOTED_INCLUDE_IN_FRAMEWORK_HEADER = YES;
				CLANG_WARN_RANGE_LOOP_ANALYSIS = YES;
				CLANG_WARN_STRICT_PROTOTYPES = YES;
				CLANG_WARN_SUSPICIOUS_MOVE = YES;
				CLANG_WARN_UNGUARDED_AVAILABILITY = YES_AGGRESSIVE;
				CLANG_WARN_UNREACHABLE_CODE = YES;
				CLANG_WARN__DUPLICATE_METHOD_MATCH = YES;
				COPY_PHASE_STRIP = NO;
				DEBUG_INFORMATION_FORMAT = "dwarf-with-dsym";
				ENABLE_NS_ASSERTIONS = NO;
				ENABLE_STRICT_OBJC_MSGSEND = YES;
				GCC_C_LANGUAGE_STANDARD = gnu11;
				GCC_NO_COMMON_BLOCKS = YES;
				GCC_WARN_64_TO_32_BIT_CONVERSION = YES;
				GCC_WARN_ABOUT_RETURN_TYPE = YES_ERROR;
				GCC_WARN_UNDECLARED_SELECTOR = YES;
				GCC_WARN_UNINITIALIZED_AUTOS = YES_AGGRESSIVE;
				GCC_WARN_UNUSED_FUNCTION = YES;
				GCC_WARN_UNUSED_VARIABLE = YES;
				IPHONEOS_DEPLOYMENT_TARGET = 15.5;
				MTL_ENABLE_DEBUG_INFO = NO;
				MTL_FAST_MATH = YES;
				SDKROOT = iphoneos;
				SWIFT_COMPILATION_MODE = wholemodule;
				SWIFT_OPTIMIZATION_LEVEL = "-O";
				VALIDATE_PRODUCT = YES;
			};
			name = Release;
		};
		EB4BCBF6289EA7C900F0E2F1 /* Debug */ = {
			isa = XCBuildConfiguration;
			buildSettings = {
				ASSETCATALOG_COMPILER_APPICON_NAME = AppIcon;
				ASSETCATALOG_COMPILER_GLOBAL_ACCENT_COLOR_NAME = AccentColor;
				CODE_SIGN_STYLE = Automatic;
				CURRENT_PROJECT_VERSION = 1;
				DEVELOPMENT_TEAM = JXG85VJB92;
				GENERATE_INFOPLIST_FILE = YES;
				INFOPLIST_FILE = FirebaseChat/Info.plist;
				INFOPLIST_KEY_UIApplicationSupportsIndirectInputEvents = YES;
				INFOPLIST_KEY_UILaunchStoryboardName = LaunchScreen;
				INFOPLIST_KEY_UIMainStoryboardFile = Main;
				INFOPLIST_KEY_UISupportedInterfaceOrientations_iPad = "UIInterfaceOrientationPortrait UIInterfaceOrientationPortraitUpsideDown UIInterfaceOrientationLandscapeLeft UIInterfaceOrientationLandscapeRight";
				INFOPLIST_KEY_UISupportedInterfaceOrientations_iPhone = "UIInterfaceOrientationPortrait UIInterfaceOrientationLandscapeLeft UIInterfaceOrientationLandscapeRight";
				LD_RUNPATH_SEARCH_PATHS = (
					"$(inherited)",
					"@executable_path/Frameworks",
				);
				MARKETING_VERSION = 1.0;
				PRODUCT_BUNDLE_IDENTIFIER = com.estheralcoceba.FirebaseChat;
				PRODUCT_NAME = "$(TARGET_NAME)";
				SWIFT_EMIT_LOC_STRINGS = YES;
				SWIFT_VERSION = 5.0;
				TARGETED_DEVICE_FAMILY = "1,2";
			};
			name = Debug;
		};
		EB4BCBF7289EA7C900F0E2F1 /* Release */ = {
			isa = XCBuildConfiguration;
			buildSettings = {
				ASSETCATALOG_COMPILER_APPICON_NAME = AppIcon;
				ASSETCATALOG_COMPILER_GLOBAL_ACCENT_COLOR_NAME = AccentColor;
				CODE_SIGN_STYLE = Automatic;
				CURRENT_PROJECT_VERSION = 1;
				DEVELOPMENT_TEAM = JXG85VJB92;
				GENERATE_INFOPLIST_FILE = YES;
				INFOPLIST_FILE = FirebaseChat/Info.plist;
				INFOPLIST_KEY_UIApplicationSupportsIndirectInputEvents = YES;
				INFOPLIST_KEY_UILaunchStoryboardName = LaunchScreen;
				INFOPLIST_KEY_UIMainStoryboardFile = Main;
				INFOPLIST_KEY_UISupportedInterfaceOrientations_iPad = "UIInterfaceOrientationPortrait UIInterfaceOrientationPortraitUpsideDown UIInterfaceOrientationLandscapeLeft UIInterfaceOrientationLandscapeRight";
				INFOPLIST_KEY_UISupportedInterfaceOrientations_iPhone = "UIInterfaceOrientationPortrait UIInterfaceOrientationLandscapeLeft UIInterfaceOrientationLandscapeRight";
				LD_RUNPATH_SEARCH_PATHS = (
					"$(inherited)",
					"@executable_path/Frameworks",
				);
				MARKETING_VERSION = 1.0;
				PRODUCT_BUNDLE_IDENTIFIER = com.estheralcoceba.FirebaseChat;
				PRODUCT_NAME = "$(TARGET_NAME)";
				SWIFT_EMIT_LOC_STRINGS = YES;
				SWIFT_VERSION = 5.0;
				TARGETED_DEVICE_FAMILY = "1,2";
			};
			name = Release;
		};
		EB4BCBF9289EA7C900F0E2F1 /* Debug */ = {
			isa = XCBuildConfiguration;
			buildSettings = {
				ALWAYS_EMBED_SWIFT_STANDARD_LIBRARIES = YES;
				BUNDLE_LOADER = "$(TEST_HOST)";
				CODE_SIGN_STYLE = Automatic;
				CURRENT_PROJECT_VERSION = 1;
				DEVELOPMENT_TEAM = JXG85VJB92;
				GENERATE_INFOPLIST_FILE = YES;
				IPHONEOS_DEPLOYMENT_TARGET = 15.5;
				MARKETING_VERSION = 1.0;
				PRODUCT_BUNDLE_IDENTIFIER = com.estheralcoceba.FirebaseChatTests;
				PRODUCT_NAME = "$(TARGET_NAME)";
				SWIFT_EMIT_LOC_STRINGS = NO;
				SWIFT_VERSION = 5.0;
				TARGETED_DEVICE_FAMILY = "1,2";
				TEST_HOST = "$(BUILT_PRODUCTS_DIR)/FirebaseChat.app/FirebaseChat";
			};
			name = Debug;
		};
		EB4BCBFA289EA7C900F0E2F1 /* Release */ = {
			isa = XCBuildConfiguration;
			buildSettings = {
				ALWAYS_EMBED_SWIFT_STANDARD_LIBRARIES = YES;
				BUNDLE_LOADER = "$(TEST_HOST)";
				CODE_SIGN_STYLE = Automatic;
				CURRENT_PROJECT_VERSION = 1;
				DEVELOPMENT_TEAM = JXG85VJB92;
				GENERATE_INFOPLIST_FILE = YES;
				IPHONEOS_DEPLOYMENT_TARGET = 15.5;
				MARKETING_VERSION = 1.0;
				PRODUCT_BUNDLE_IDENTIFIER = com.estheralcoceba.FirebaseChatTests;
				PRODUCT_NAME = "$(TARGET_NAME)";
				SWIFT_EMIT_LOC_STRINGS = NO;
				SWIFT_VERSION = 5.0;
				TARGETED_DEVICE_FAMILY = "1,2";
				TEST_HOST = "$(BUILT_PRODUCTS_DIR)/FirebaseChat.app/FirebaseChat";
			};
			name = Release;
		};
		EB4BCBFC289EA7C900F0E2F1 /* Debug */ = {
			isa = XCBuildConfiguration;
			buildSettings = {
				ALWAYS_EMBED_SWIFT_STANDARD_LIBRARIES = YES;
				CODE_SIGN_STYLE = Automatic;
				CURRENT_PROJECT_VERSION = 1;
				DEVELOPMENT_TEAM = JXG85VJB92;
				GENERATE_INFOPLIST_FILE = YES;
				MARKETING_VERSION = 1.0;
				PRODUCT_BUNDLE_IDENTIFIER = com.estheralcoceba.FirebaseChatUITests;
				PRODUCT_NAME = "$(TARGET_NAME)";
				SWIFT_EMIT_LOC_STRINGS = NO;
				SWIFT_VERSION = 5.0;
				TARGETED_DEVICE_FAMILY = "1,2";
				TEST_TARGET_NAME = FirebaseChat;
			};
			name = Debug;
		};
		EB4BCBFD289EA7C900F0E2F1 /* Release */ = {
			isa = XCBuildConfiguration;
			buildSettings = {
				ALWAYS_EMBED_SWIFT_STANDARD_LIBRARIES = YES;
				CODE_SIGN_STYLE = Automatic;
				CURRENT_PROJECT_VERSION = 1;
				DEVELOPMENT_TEAM = JXG85VJB92;
				GENERATE_INFOPLIST_FILE = YES;
				MARKETING_VERSION = 1.0;
				PRODUCT_BUNDLE_IDENTIFIER = com.estheralcoceba.FirebaseChatUITests;
				PRODUCT_NAME = "$(TARGET_NAME)";
				SWIFT_EMIT_LOC_STRINGS = NO;
				SWIFT_VERSION = 5.0;
				TARGETED_DEVICE_FAMILY = "1,2";
				TEST_TARGET_NAME = FirebaseChat;
			};
			name = Release;
		};
/* End XCBuildConfiguration section */

/* Begin XCConfigurationList section */
		EB4BCBC3289EA7C600F0E2F1 /* Build configuration list for PBXProject "FirebaseChat" */ = {
			isa = XCConfigurationList;
			buildConfigurations = (
				EB4BCBF3289EA7C900F0E2F1 /* Debug */,
				EB4BCBF4289EA7C900F0E2F1 /* Release */,
			);
			defaultConfigurationIsVisible = 0;
			defaultConfigurationName = Release;
		};
		EB4BCBF5289EA7C900F0E2F1 /* Build configuration list for PBXNativeTarget "FirebaseChat" */ = {
			isa = XCConfigurationList;
			buildConfigurations = (
				EB4BCBF6289EA7C900F0E2F1 /* Debug */,
				EB4BCBF7289EA7C900F0E2F1 /* Release */,
			);
			defaultConfigurationIsVisible = 0;
			defaultConfigurationName = Release;
		};
		EB4BCBF8289EA7C900F0E2F1 /* Build configuration list for PBXNativeTarget "FirebaseChatTests" */ = {
			isa = XCConfigurationList;
			buildConfigurations = (
				EB4BCBF9289EA7C900F0E2F1 /* Debug */,
				EB4BCBFA289EA7C900F0E2F1 /* Release */,
			);
			defaultConfigurationIsVisible = 0;
			defaultConfigurationName = Release;
		};
		EB4BCBFB289EA7C900F0E2F1 /* Build configuration list for PBXNativeTarget "FirebaseChatUITests" */ = {
			isa = XCConfigurationList;
			buildConfigurations = (
				EB4BCBFC289EA7C900F0E2F1 /* Debug */,
				EB4BCBFD289EA7C900F0E2F1 /* Release */,
			);
			defaultConfigurationIsVisible = 0;
			defaultConfigurationName = Release;
		};
/* End XCConfigurationList section */

/* Begin XCVersionGroup section */
		EB4BCBD4289EA7C700F0E2F1 /* FirebaseChat.xcdatamodeld */ = {
			isa = XCVersionGroup;
			children = (
				EB4BCBD5289EA7C700F0E2F1 /* FirebaseChat.xcdatamodel */,
			);
			currentVersion = EB4BCBD5289EA7C700F0E2F1 /* FirebaseChat.xcdatamodel */;
			path = FirebaseChat.xcdatamodeld;
			sourceTree = "<group>";
			versionGroupType = wrapper.xcdatamodel;
		};
/* End XCVersionGroup section */
	};
	rootObject = EB4BCBC0289EA7C600F0E2F1 /* Project object */;
}
